
Microsoft Visual Studio Solution File, Format Version 12.00
# Visual Studio Version 17
VisualStudioVersion = 17.1.32421.90
MinimumVisualStudioVersion = 10.0.40219.1
Project("{FAE04EC0-301F-11D3-BF4B-00C04F79EFBC}") = "IOC.Project", "IOC.Project\IOC.Project.csproj", "{A54121F2-7786-43EE-81D3-5552AC45EBCA}"
EndProject
Global
	GlobalSection(SolutionConfigurationPlatforms) = preSolution
		Debug|Any CPU = Debug|Any CPU
		Release|Any CPU = Release|Any CPU
	EndGlobalSection
	GlobalSection(ProjectConfigurationPlatforms) = postSolution
		{A54121F2-7786-43EE-81D3-5552AC45EBCA}.Debug|Any CPU.ActiveCfg = Debug|Any CPU
		{A54121F2-7786-43EE-81D3-5552AC45EBCA}.Debug|Any CPU.Build.0 = Debug|Any CPU
		{A54121F2-7786-43EE-81D3-5552AC45EBCA}.Release|Any CPU.ActiveCfg = Release|Any CPU
		{A54121F2-7786-43EE-81D3-5552AC45EBCA}.Release|Any CPU.Build.0 = Release|Any CPU
	EndGlobalSection
	GlobalSection(SolutionProperties) = preSolution
		HideSolutionNode = FALSE
	EndGlobalSection
	GlobalSection(ExtensibilityGlobals) = postSolution
		SolutionGuid = {4C71A2BA-1B2C-48EF-9107-395930CDE7C6}
	EndGlobalSection
EndGlobal
